
Microsoft Visual Studio Solution File, Format Version 12.00
# Visual Studio 2013
VisualStudioVersion = 12.0.30110.0
MinimumVisualStudioVersion = 10.0.40219.1
Project("{FAE04EC0-301F-11D3-BF4B-00C04F79EFBC}") = "DataMarkup", "DataMarkup\DataMarkup.csproj", "{2B23CB34-FC1A-47BD-8A16-F74CF0609BDD}"
EndProject
Project("{FAE04EC0-301F-11D3-BF4B-00C04F79EFBC}") = "ImageMarkup", "ImageMarkup\ImageMarkup.csproj", "{2EA98AF3-88FD-4B06-B1D6-DC9068263BEA}"
EndProject
Global
	GlobalSection(SolutionConfigurationPlatforms) = preSolution
		Debug|Any CPU = Debug|Any CPU
		Release|Any CPU = Release|Any CPU
	EndGlobalSection
	GlobalSection(ProjectConfigurationPlatforms) = postSolution
		{2B23CB34-FC1A-47BD-8A16-F74CF0609BDD}.Debug|Any CPU.ActiveCfg = Debug|Any CPU
		{2B23CB34-FC1A-47BD-8A16-F74CF0609BDD}.Debug|Any CPU.Build.0 = Debug|Any CPU
		{2B23CB34-FC1A-47BD-8A16-F74CF0609BDD}.Release|Any CPU.ActiveCfg = Release|Any CPU
		{2B23CB34-FC1A-47BD-8A16-F74CF0609BDD}.Release|Any CPU.Build.0 = Release|Any CPU
		{2EA98AF3-88FD-4B06-B1D6-DC9068263BEA}.Debug|Any CPU.ActiveCfg = Debug|Any CPU
		{2EA98AF3-88FD-4B06-B1D6-DC9068263BEA}.Debug|Any CPU.Build.0 = Debug|Any CPU
		{2EA98AF3-88FD-4B06-B1D6-DC9068263BEA}.Release|Any CPU.ActiveCfg = Release|Any CPU
		{2EA98AF3-88FD-4B06-B1D6-DC9068263BEA}.Release|Any CPU.Build.0 = Release|Any CPU
	EndGlobalSection
	GlobalSection(SolutionProperties) = preSolution
		HideSolutionNode = FALSE
	EndGlobalSection
EndGlobal
